
Microsoft Visual Studio Solution File, Format Version 12.00
# Visual Studio Version 17
VisualStudioVersion = 17.4.33103.184
MinimumVisualStudioVersion = 10.0.40219.1
Project("{9A19103F-16F7-4668-BE54-9A1E7A4F7556}") = "XperienceCommunity.UrlRedirection", "XperienceCommunity.UrlRedirection\XperienceCommunity.UrlRedirection.csproj", "{CA112F8E-6932-42FE-B71B-A126550E4AC0}"
EndProject
Project("{FAE04EC0-301F-11D3-BF4B-00C04F79EFBC}") = "URLRedirection", "XperienceCommunity.UrlRedirection.Admin\URLRedirection.csproj", "{1B03C215-6006-44AD-BC46-ABBAF2E65DCD}"
EndProject
Project("{9A19103F-16F7-4668-BE54-9A1E7A4F7556}") = "XperienceCommunity.UrlRedirection.Base", "XperienceCommunity.UrlRedirection.Base\XperienceCommunity.UrlRedirection.Base.csproj", "{276AD591-0936-4DEF-A492-FB88973A3F60}"
EndProject
Global
	GlobalSection(SolutionConfigurationPlatforms) = preSolution
		Debug|Any CPU = Debug|Any CPU
		Release|Any CPU = Release|Any CPU
	EndGlobalSection
	GlobalSection(ProjectConfigurationPlatforms) = postSolution
		{CA112F8E-6932-42FE-B71B-A126550E4AC0}.Debug|Any CPU.ActiveCfg = Debug|Any CPU
		{CA112F8E-6932-42FE-B71B-A126550E4AC0}.Debug|Any CPU.Build.0 = Debug|Any CPU
		{CA112F8E-6932-42FE-B71B-A126550E4AC0}.Release|Any CPU.ActiveCfg = Release|Any CPU
		{CA112F8E-6932-42FE-B71B-A126550E4AC0}.Release|Any CPU.Build.0 = Release|Any CPU
		{1B03C215-6006-44AD-BC46-ABBAF2E65DCD}.Debug|Any CPU.ActiveCfg = Debug|Any CPU
		{1B03C215-6006-44AD-BC46-ABBAF2E65DCD}.Debug|Any CPU.Build.0 = Debug|Any CPU
		{1B03C215-6006-44AD-BC46-ABBAF2E65DCD}.Release|Any CPU.ActiveCfg = Release|Any CPU
		{1B03C215-6006-44AD-BC46-ABBAF2E65DCD}.Release|Any CPU.Build.0 = Release|Any CPU
		{276AD591-0936-4DEF-A492-FB88973A3F60}.Debug|Any CPU.ActiveCfg = Debug|Any CPU
		{276AD591-0936-4DEF-A492-FB88973A3F60}.Debug|Any CPU.Build.0 = Debug|Any CPU
		{276AD591-0936-4DEF-A492-FB88973A3F60}.Release|Any CPU.ActiveCfg = Release|Any CPU
		{276AD591-0936-4DEF-A492-FB88973A3F60}.Release|Any CPU.Build.0 = Release|Any CPU
	EndGlobalSection
	GlobalSection(SolutionProperties) = preSolution
		HideSolutionNode = FALSE
	EndGlobalSection
	GlobalSection(ExtensibilityGlobals) = postSolution
		SolutionGuid = {743E1966-CFD2-4324-9E02-4810CFAE816F}
	EndGlobalSection
EndGlobal
